// !$*UTF8*$!
{
	archiveVersion = 1;
	classes = {
	};
	objectVersion = 46;
	objects = {

/* Begin PBXBuildFile section */
		D14B87141AEE5CA00031F71E /* main.m in Sources */ = {isa = PBXBuildFile; fileRef = D14B87131AEE5CA00031F71E /* main.m */; };
/* End PBXBuildFile section */

/* Begin PBXCopyFilesBuildPhase section */
		D14B870E1AEE5CA00031F71E /* CopyFiles */ = {
			isa = PBXCopyFilesBuildPhase;
			buildActionMask = 2147483647;
			dstPath = /usr/share/man/man1/;
			dstSubfolderSpec = 0;
			files = (
			);
			runOnlyForDeploymentPostprocessing = 1;
		};
/* End PBXCopyFilesBuildPhase section */

/* Begin PBXFileReference section */
		D14B87101AEE5CA00031F71E /* NSString&_NSMutableString */ = {isa = PBXFileReference; explicitFileType = "compiled.mach-o.executable"; includeInIndex = 0; path = "NSString&_NSMutableString"; sourceTree = BUILT_PRODUCTS_DIR; };
		D14B87131AEE5CA00031F71E /* main.m */ = {isa = PBXFileReference; lastKnownFileType = sourcecode.c.objc; path = main.m; sourceTree = "<group>"; };
/* End PBXFileReference section */

/* Begin PBXFrameworksBuildPhase section */
		D14B870D1AEE5CA00031F71E /* Frameworks */ = {
			isa = PBXFrameworksBuildPhase;
			buildActionMask = 2147483647;
			files = (
			);
			runOnlyForDeploymentPostprocessing = 0;
		};
/* End PBXFrameworksBuildPhase section */

/* Begin PBXGroup section */
		D14B87071AEE5CA00031F71E = {
			isa = PBXGroup;
			children = (
				D14B87121AEE5CA00031F71E /* NSString&_NSMutableString */,
				D14B87111AEE5CA00031F71E /* Products */,
			);
			sourceTree = "<group>";
		};
		D14B87111AEE5CA00031F71E /* Products */ = {
			isa = PBXGroup;
			children = (
				D14B87101AEE5CA00031F71E /* NSString&_NSMutableString */,
			);
			name = Products;
			sourceTree = "<group>";
		};
		D14B87121AEE5CA00031F71E /* NSString&_NSMutableString */ = {
			isa = PBXGroup;
			children = (
				D14B87131AEE5CA00031F71E /* main.m */,
			);
			path = "NSString&_NSMutableString";
			sourceTree = "<group>";
		};
/* End PBXGroup section */

/* Begin PBXNativeTarget section */
		D14B870F1AEE5CA00031F71E /* NSString&_NSMutableString */ = {
			isa = PBXNativeTarget;
			buildConfigurationList = D14B87171AEE5CA00031F71E /* Build configuration list for PBXNativeTarget "NSString&_NSMutableString" */;
			buildPhases = (
				D14B870C1AEE5CA00031F71E /* Sources */,
				D14B870D1AEE5CA00031F71E /* Frameworks */,
				D14B870E1AEE5CA00031F71E /* CopyFiles */,
			);
			buildRules = (
			);
			dependencies = (
			);
			name = "NSString&_NSMutableString";
			productName = "NSString&_NSMutableString";
			productReference = D14B87101AEE5CA00031F71E /* NSString&_NSMutableString */;
			productType = "com.apple.product-type.tool";
		};
/* End PBXNativeTarget section */

/* Begin PBXProject section */
		D14B87081AEE5CA00031F71E /* Project object */ = {
			isa = PBXProject;
			attributes = {
				LastUpgradeCheck = 0610;
				ORGANIZATIONNAME = "曾偉亮";
				TargetAttributes = {
					D14B870F1AEE5CA00031F71E = {
						CreatedOnToolsVersion = 6.1.1;
					};
				};
			};
			buildConfigurationList = D14B870B1AEE5CA00031F71E /* Build configuration list for PBXProject "NSString&_NSMutableString" */;
			compatibilityVersion = "Xcode 3.2";
			developmentRegion = English;
			hasScannedForEncodings = 0;
			knownRegions = (
				en,
			);
			mainGroup = D14B87071AEE5CA00031F71E;
			productRefGroup = D14B87111AEE5CA00031F71E /* Products */;
			projectDirPath = "";
			projectRoot = "";
			targets = (
				D14B870F1AEE5CA00031F71E /* NSString&_NSMutableString */,
			);
		};
/* End PBXProject section */

/* Begin PBXSourcesBuildPhase section */
		D14B870C1AEE5CA00031F71E /* Sources */ = {
			isa = PBXSourcesBuildPhase;
			buildActionMask = 2147483647;
			files = (
				D14B87141AEE5CA00031F71E /* main.m in Sources */,
			);
			runOnlyForDeploymentPostprocessing = 0;
		};
/* End PBXSourcesBuildPhase section */

/* Begin XCBuildConfiguration section */
		D14B87151AEE5CA00031F71E /* Debug */ = {
			isa = XCBuildConfiguration;
			buildSettings = {
				ALWAYS_SEARCH_USER_PATHS = NO;
				CLANG_CXX_LANGUAGE_STANDARD = "gnu++0x";
				CLANG_CXX_LIBRARY = "libc++";
				CLANG_ENABLE_MODULES = YES;
				CLANG_ENABLE_OBJC_ARC = YES;
				CLANG_WARN_BOOL_CONVERSION = YES;
				CLANG_WARN_CONSTANT_CONVERSION = YES;
				CLANG_WARN_DIRECT_OBJC_ISA_USAGE = YES_ERROR;
				CLANG_WARN_EMPTY_BODY = YES;
				CLANG_WARN_ENUM_CONVERSION = YES;
				CLANG_WARN_INT_CONVERSION = YES;
				CLANG_WARN_OBJC_ROOT_CLASS = YES_ERROR;
				CLANG_WARN_UNREACHABLE_CODE = YES;
				CLANG_WARN__DUPLICATE_METHOD_MATCH = YES;
				COPY_PHASE_STRIP = NO;
				ENABLE_STRICT_OBJC_MSGSEND = YES;
				GCC_C_LANGUAGE_STANDARD = gnu99;
				GCC_DYNAMIC_NO_PIC = NO;
				GCC_OPTIMIZATION_LEVEL = 0;
				GCC_PREPROCESSOR_DEFINITIONS = (
					"DEBUG=1",
					"$(inherited)",
				);
				GCC_SYMBOLS_PRIVATE_EXTERN = NO;
				GCC_WARN_64_TO_32_BIT_CONVERSION = YES;
				GCC_WARN_ABOUT_RETURN_TYPE = YES_ERROR;
				GCC_WARN_UNDECLARED_SELECTOR = YES;
				GCC_WARN_UNINITIALIZED_AUTOS = YES_AGGRESSIVE;
				GCC_WARN_UNUSED_FUNCTION = YES;
				GCC_WARN_UNUSED_VARIABLE = YES;
				MACOSX_DEPLOYMENT_TARGET = 10.9;
				MTL_ENABLE_DEBUG_INFO = YES;
				ONLY_ACTIVE_ARCH = YES;
				SDKROOT = macosx;
			};
			name = Debug;
		};
		D14B87161AEE5CA00031F71E /* Release */ = {
			isa = XCBuildConfiguration;
			buildSettings = {
				ALWAYS_SEARCH_USER_PATHS = NO;
				CLANG_CXX_LANGUAGE_STANDARD = "gnu++0x";
				CLANG_CXX_LIBRARY = "libc++";
				CLANG_ENABLE_MODULES = YES;
				CLANG_ENABLE_OBJC_ARC = YES;
				CLANG_WARN_BOOL_CONVERSION = YES;
				CLANG_WARN_CONSTANT_CONVERSION = YES;
				CLANG_WARN_DIRECT_OBJC_ISA_USAGE = YES_ERROR;
				CLANG_WARN_EMPTY_BODY = YES;
				CLANG_WARN_ENUM_CONVERSION = YES;
				CLANG_WARN_INT_CONVERSION = YES;
				CLANG_WARN_OBJC_ROOT_CLASS = YES_ERROR;
				CLANG_WARN_UNREACHABLE_CODE = YES;
				CLANG_WARN__DUPLICATE_METHOD_MATCH = YES;
				COPY_PHASE_STRIP = YES;
				DEBUG_INFORMATION_FORMAT = "dwarf-with-dsym";
				ENABLE_NS_ASSERTIONS = NO;
				ENABLE_STRICT_OBJC_MSGSEND = YES;
				GCC_C_LANGUAGE_STANDARD = gnu99;
				GCC_WARN_64_TO_32_BIT_CONVERSION = YES;
				GCC_WARN_ABOUT_RETURN_TYPE = YES_ERROR;
				GCC_WARN_UNDECLARED_SELECTOR = YES;
				GCC_WARN_UNINITIALIZED_AUTOS = YES_AGGRESSIVE;
				GCC_WARN_UNUSED_FUNCTION = YES;
				GCC_WARN_UNUSED_VARIABLE = YES;
				MACOSX_DEPLOYMENT_TARGET = 10.9;
				MTL_ENABLE_DEBUG_INFO = NO;
				SDKROOT = macosx;
			};
			name = Release;
		};
		D14B87181AEE5CA00031F71E /* Debug */ = {
			isa = XCBuildConfiguration;
			buildSettings = {
				PRODUCT_NAME = "$(TARGET_NAME)";
			};
			name = Debug;
		};
		D14B87191AEE5CA00031F71E /* Release */ = {
			isa = XCBuildConfiguration;
			buildSettings = {
				PRODUCT_NAME = "$(TARGET_NAME)";
			};
			name = Release;
		};
/* End XCBuildConfiguration section */

/* Begin XCConfigurationList section */
		D14B870B1AEE5CA00031F71E /* Build configuration list for PBXProject "NSString&_NSMutableString" */ = {
			isa = XCConfigurationList;
			buildConfigurations = (
				D14B87151AEE5CA00031F71E /* Debug */,
				D14B87161AEE5CA00031F71E /* Release */,
			);
			defaultConfigurationIsVisible = 0;
			defaultConfigurationName = Release;
		};
		D14B87171AEE5CA00031F71E /* Build configuration list for PBXNativeTarget "NSString&_NSMutableString" */ = {
			isa = XCConfigurationList;
			buildConfigurations = (
				D14B87181AEE5CA00031F71E /* Debug */,
				D14B87191AEE5CA00031F71E /* Release */,
			);
			defaultConfigurationIsVisible = 0;
		};
/* End XCConfigurationList section */
	};
	rootObject = D14B87081AEE5CA00031F71E /* Project object */;
}
